
Microsoft Visual Studio Solution File, Format Version 12.00
# Visual Studio Version 17
VisualStudioVersion = 17.2.32526.322
MinimumVisualStudioVersion = 10.0.40219.1
Project("{FAE04EC0-301F-11D3-BF4B-00C04F79EFBC}") = "fnSonarLintInteg", "fnSonarLintInteg\fnSonarLintInteg.csproj", "{D2D726EA-F100-46D7-A7F2-DAF7993CBA77}"
EndProject
Project("{FAE04EC0-301F-11D3-BF4B-00C04F79EFBC}") = "test.SonarLintInteg", "test.SonarLintInteg\test.SonarLintInteg.csproj", "{FEAB9C73-9F71-41CE-948B-B785B6842FEB}"
EndProject
Global
	GlobalSection(SolutionConfigurationPlatforms) = preSolution
		Debug|Any CPU = Debug|Any CPU
		Release|Any CPU = Release|Any CPU
	EndGlobalSection
	GlobalSection(ProjectConfigurationPlatforms) = postSolution
		{D2D726EA-F100-46D7-A7F2-DAF7993CBA77}.Debug|Any CPU.ActiveCfg = Debug|Any CPU
		{D2D726EA-F100-46D7-A7F2-DAF7993CBA77}.Debug|Any CPU.Build.0 = Debug|Any CPU
		{D2D726EA-F100-46D7-A7F2-DAF7993CBA77}.Release|Any CPU.ActiveCfg = Release|Any CPU
		{D2D726EA-F100-46D7-A7F2-DAF7993CBA77}.Release|Any CPU.Build.0 = Release|Any CPU
		{FEAB9C73-9F71-41CE-948B-B785B6842FEB}.Debug|Any CPU.ActiveCfg = Debug|Any CPU
		{FEAB9C73-9F71-41CE-948B-B785B6842FEB}.Debug|Any CPU.Build.0 = Debug|Any CPU
		{FEAB9C73-9F71-41CE-948B-B785B6842FEB}.Release|Any CPU.ActiveCfg = Release|Any CPU
		{FEAB9C73-9F71-41CE-948B-B785B6842FEB}.Release|Any CPU.Build.0 = Release|Any CPU
	EndGlobalSection
	GlobalSection(SolutionProperties) = preSolution
		HideSolutionNode = FALSE
	EndGlobalSection
	GlobalSection(ExtensibilityGlobals) = postSolution
		SolutionGuid = {3D3E7C16-5D41-4E2E-9D28-5F228DA3D266}
	EndGlobalSection
EndGlobal
